<<<<<<< HEAD
<Solution>
=======
﻿<Solution>
<<<<<<< HEAD
  <Project Path="Unity.Timeline.csproj" />
  <Project Path="Unity.RenderPipelines.GPUDriven.Runtime.csproj" />
  <Project Path="Unity.PlasticSCM.Editor.csproj" />
  <Project Path="Unity.2D.Aseprite.Editor.csproj" />
  <Project Path="Unity.ShaderGraph.Editor.csproj" />
  <Project Path="Unity.RenderPipelines.Core.Runtime.csproj" />
  <Project Path="Unity.Mathematics.csproj" />
  <Project Path="Unity.Timeline.Editor.csproj" />
  <Project Path="Unity.Multiplayer.Center.Editor.csproj" />
  <Project Path="Unity.RenderPipelines.Core.Editor.csproj" />
  <Project Path="Unity.2D.Psdimporter.Editor.csproj" />
  <Project Path="UnityEngine.UI.csproj" />
  <Project Path="Unity.2D.IK.Runtime.csproj" />
  <Project Path="Unity.RenderPipelines.Universal.2D.Runtime.csproj" />
  <Project Path="Unity.Collections.csproj" />
  <Project Path="Unity.VisualScripting.Core.Editor.csproj" />
  <Project Path="Unity.RenderPipelines.Universal.Editor.csproj" />
  <Project Path="Unity.PerformanceTesting.Editor.csproj" />
  <Project Path="UnityEngine.TestRunner.csproj" />
  <Project Path="Unity.2D.Tilemap.Editor.csproj" />
  <Project Path="Unity.Burst.csproj" />
  <Project Path="Unity.VisualScripting.Flow.Editor.csproj" />
  <Project Path="Unity.2D.SpriteShape.Editor.csproj" />
  <Project Path="Unity.VisualStudio.Editor.csproj" />
  <Project Path="Unity.InputSystem.csproj" />
  <Project Path="PPv2URPConverters.csproj" />
  <Project Path="Unity.2D.Animation.Editor.csproj" />
  <Project Path="Unity.Searcher.Editor.csproj" />
  <Project Path="Unity.2D.SpriteShape.Runtime.csproj" />
  <Project Path="UnityEditor.TestRunner.csproj" />
  <Project Path="Unity.VisualScripting.Core.csproj" />
  <Project Path="Unity.RenderPipelines.Universal.Runtime.csproj" />
  <Project Path="Unity.VisualScripting.State.Editor.csproj" />
  <Project Path="Unity.Burst.CodeGen.csproj" />
  <Project Path="Unity.VisualScripting.Flow.csproj" />
>>>>>>> 3462127 (almost done!)
=======
>>>>>>> f997318 (It's finally done! YAAAY)
  <Project Path="Assembly-CSharp.csproj" />
</Solution>
